
Microsoft Visual Studio Solution File, Format Version 12.00
# Visual Studio 14
VisualStudioVersion = 14.0.25420.1
MinimumVisualStudioVersion = 10.0.40219.1
Project("{FAE04EC0-301F-11D3-BF4B-00C04F79EFBC}") = "ShowOrderDB", "ShowOrderDB\ShowOrderDB.csproj", "{FFDB6196-6194-46B5-984A-C3F3ABF7219E}"
EndProject
Global
	GlobalSection(SolutionConfigurationPlatforms) = preSolution
		Debug|Any CPU = Debug|Any CPU
		Release|Any CPU = Release|Any CPU
	EndGlobalSection
	GlobalSection(ProjectConfigurationPlatforms) = postSolution
		{FFDB6196-6194-46B5-984A-C3F3ABF7219E}.Debug|Any CPU.ActiveCfg = Debug|Any CPU
		{FFDB6196-6194-46B5-984A-C3F3ABF7219E}.Debug|Any CPU.Build.0 = Debug|Any CPU
		{FFDB6196-6194-46B5-984A-C3F3ABF7219E}.Release|Any CPU.ActiveCfg = Release|Any CPU
		{FFDB6196-6194-46B5-984A-C3F3ABF7219E}.Release|Any CPU.Build.0 = Release|Any CPU
	EndGlobalSection
	GlobalSection(SolutionProperties) = preSolution
		HideSolutionNode = FALSE
	EndGlobalSection
EndGlobal
